
Microsoft Visual Studio Solution File, Format Version 12.00
# Visual Studio Version 17
VisualStudioVersion = 17.5.33516.290
MinimumVisualStudioVersion = 10.0.40219.1
Project("{FAE04EC0-301F-11D3-BF4B-00C04F79EFBC}") = "L27_Synenko", "L27_Synenko\L27_Synenko.csproj", "{26B84D5B-E050-492A-AEE2-66C1E30F5893}"
EndProject
Global
	GlobalSection(SolutionConfigurationPlatforms) = preSolution
		Debug|Any CPU = Debug|Any CPU
		Release|Any CPU = Release|Any CPU
	EndGlobalSection
	GlobalSection(ProjectConfigurationPlatforms) = postSolution
		{26B84D5B-E050-492A-AEE2-66C1E30F5893}.Debug|Any CPU.ActiveCfg = Debug|Any CPU
		{26B84D5B-E050-492A-AEE2-66C1E30F5893}.Debug|Any CPU.Build.0 = Debug|Any CPU
		{26B84D5B-E050-492A-AEE2-66C1E30F5893}.Release|Any CPU.ActiveCfg = Release|Any CPU
		{26B84D5B-E050-492A-AEE2-66C1E30F5893}.Release|Any CPU.Build.0 = Release|Any CPU
	EndGlobalSection
	GlobalSection(SolutionProperties) = preSolution
		HideSolutionNode = FALSE
	EndGlobalSection
	GlobalSection(ExtensibilityGlobals) = postSolution
		SolutionGuid = {1F6A3FC8-DE31-4853-96A1-5C0A5185303C}
	EndGlobalSection
EndGlobal
